// !$*UTF8*$!
{
	archiveVersion = 1;
	classes = {
	};
	objectVersion = 56;
	objects = {

/* Begin PBXBuildFile section */
		CA5C906A2C94BF6F00CA0F02 /* DependencyTraitsTests.swift in Sources */ = {isa = PBXBuildFile; fileRef = CA5C90692C94BF6F00CA0F02 /* DependencyTraitsTests.swift */; };
		CA64A10B2C94C1D7002A8AC4 /* DependenciesTestSupport in Frameworks */ = {isa = PBXBuildFile; productRef = CA64A10A2C94C1D7002A8AC4 /* DependenciesTestSupport */; };
		CAF21DD029B66D7500368A47 /* IntegrationApp.swift in Sources */ = {isa = PBXBuildFile; fileRef = CAF21DCF29B66D7500368A47 /* IntegrationApp.swift */; };
		CAF21DD429B66D7600368A47 /* Assets.xcassets in Resources */ = {isa = PBXBuildFile; fileRef = CAF21DD329B66D7600368A47 /* Assets.xcassets */; };
		CAF21DD729B66D7600368A47 /* Preview Assets.xcassets in Resources */ = {isa = PBXBuildFile; fileRef = CAF21DD629B66D7600368A47 /* Preview Assets.xcassets */; };
		CAF21DEB29B66D7700368A47 /* IntegrationUITests.swift in Sources */ = {isa = PBXBuildFile; fileRef = CAF21DEA29B66D7700368A47 /* IntegrationUITests.swift */; };
		CAF21DFC29B66DAB00368A47 /* Dependencies in Frameworks */ = {isa = PBXBuildFile; productRef = CAF21DFB29B66DAB00368A47 /* Dependencies */; };
/* End PBXBuildFile section */

/* Begin PBXContainerItemProxy section */
		CA5C906B2C94BF6F00CA0F02 /* PBXContainerItemProxy */ = {
			isa = PBXContainerItemProxy;
			containerPortal = CAF21DC429B66D7500368A47 /* Project object */;
			proxyType = 1;
			remoteGlobalIDString = CAF21DCB29B66D7500368A47;
			remoteInfo = Integration;
		};
		CAF21DE729B66D7700368A47 /* PBXContainerItemProxy */ = {
			isa = PBXContainerItemProxy;
			containerPortal = CAF21DC429B66D7500368A47 /* Project object */;
			proxyType = 1;
			remoteGlobalIDString = CAF21DCB29B66D7500368A47;
			remoteInfo = Integration;
		};
/* End PBXContainerItemProxy section */

/* Begin PBXFileReference section */
		CA5C90672C94BF6F00CA0F02 /* IntegrationTests.xctest */ = {isa = PBXFileReference; explicitFileType = wrapper.cfbundle; includeInIndex = 0; path = IntegrationTests.xctest; sourceTree = BUILT_PRODUCTS_DIR; };
		CA5C90692C94BF6F00CA0F02 /* DependencyTraitsTests.swift */ = {isa = PBXFileReference; lastKnownFileType = sourcecode.swift; path = DependencyTraitsTests.swift; sourceTree = "<group>"; };
		CAF21DCC29B66D7500368A47 /* Integration.app */ = {isa = PBXFileReference; explicitFileType = wrapper.application; includeInIndex = 0; path = Integration.app; sourceTree = BUILT_PRODUCTS_DIR; };
		CAF21DCF29B66D7500368A47 /* IntegrationApp.swift */ = {isa = PBXFileReference; lastKnownFileType = sourcecode.swift; path = IntegrationApp.swift; sourceTree = "<group>"; };
		CAF21DD329B66D7600368A47 /* Assets.xcassets */ = {isa = PBXFileReference; lastKnownFileType = folder.assetcatalog; path = Assets.xcassets; sourceTree = "<group>"; };
		CAF21DD629B66D7600368A47 /* Preview Assets.xcassets */ = {isa = PBXFileReference; lastKnownFileType = folder.assetcatalog; path = "Preview Assets.xcassets"; sourceTree = "<group>"; };
		CAF21DE629B66D7700368A47 /* IntegrationUITests.xctest */ = {isa = PBXFileReference; explicitFileType = wrapper.cfbundle; includeInIndex = 0; path = IntegrationUITests.xctest; sourceTree = BUILT_PRODUCTS_DIR; };
		CAF21DEA29B66D7700368A47 /* IntegrationUITests.swift */ = {isa = PBXFileReference; lastKnownFileType = sourcecode.swift; path = IntegrationUITests.swift; sourceTree = "<group>"; };
		CAF21DF929B66D9F00368A47 /* swift-dependencies */ = {isa = PBXFileReference; lastKnownFileType = wrapper; name = "swift-dependencies"; path = ..; sourceTree = "<group>"; };
/* End PBXFileReference section */

/* Begin PBXFrameworksBuildPhase section */
		CA5C90642C94BF6F00CA0F02 /* Frameworks */ = {
			isa = PBXFrameworksBuildPhase;
			buildActionMask = 2147483647;
			files = (
				CA64A10B2C94C1D7002A8AC4 /* DependenciesTestSupport in Frameworks */,
			);
			runOnlyForDeploymentPostprocessing = 0;
		};
		CAF21DC929B66D7500368A47 /* Frameworks */ = {
			isa = PBXFrameworksBuildPhase;
			buildActionMask = 2147483647;
			files = (
				CAF21DFC29B66DAB00368A47 /* Dependencies in Frameworks */,
			);
			runOnlyForDeploymentPostprocessing = 0;
		};
		CAF21DE329B66D7700368A47 /* Frameworks */ = {
			isa = PBXFrameworksBuildPhase;
			buildActionMask = 2147483647;
			files = (
			);
			runOnlyForDeploymentPostprocessing = 0;
		};
/* End PBXFrameworksBuildPhase section */

/* Begin PBXGroup section */
		CA5C90682C94BF6F00CA0F02 /* IntegrationTests */ = {
			isa = PBXGroup;
			children = (
				CA5C90692C94BF6F00CA0F02 /* DependencyTraitsTests.swift */,
			);
			path = IntegrationTests;
			sourceTree = "<group>";
		};
		CAF21DC329B66D7500368A47 = {
			isa = PBXGroup;
			children = (
				CAF21DF929B66D9F00368A47 /* swift-dependencies */,
				CAF21DFA29B66DAB00368A47 /* Frameworks */,
				CAF21DCE29B66D7500368A47 /* Integration */,
				CA5C90682C94BF6F00CA0F02 /* IntegrationTests */,
				CAF21DE929B66D7700368A47 /* IntegrationUITests */,
				CAF21DCD29B66D7500368A47 /* Products */,
			);
			sourceTree = "<group>";
		};
		CAF21DCD29B66D7500368A47 /* Products */ = {
			isa = PBXGroup;
			children = (
				CAF21DCC29B66D7500368A47 /* Integration.app */,
				CAF21DE629B66D7700368A47 /* IntegrationUITests.xctest */,
				CA5C90672C94BF6F00CA0F02 /* IntegrationTests.xctest */,
			);
			name = Products;
			sourceTree = "<group>";
		};
		CAF21DCE29B66D7500368A47 /* Integration */ = {
			isa = PBXGroup;
			children = (
				CAF21DCF29B66D7500368A47 /* IntegrationApp.swift */,
				CAF21DD329B66D7600368A47 /* Assets.xcassets */,
				CAF21DD529B66D7600368A47 /* Preview Content */,
			);
			path = Integration;
			sourceTree = "<group>";
		};
		CAF21DD529B66D7600368A47 /* Preview Content */ = {
			isa = PBXGroup;
			children = (
				CAF21DD629B66D7600368A47 /* Preview Assets.xcassets */,
			);
			path = "Preview Content";
			sourceTree = "<group>";
		};
		CAF21DE929B66D7700368A47 /* IntegrationUITests */ = {
			isa = PBXGroup;
			children = (
				CAF21DEA29B66D7700368A47 /* IntegrationUITests.swift */,
			);
			path = IntegrationUITests;
			sourceTree = "<group>";
		};
		CAF21DFA29B66DAB00368A47 /* Frameworks */ = {
			isa = PBXGroup;
			children = (
			);
			name = Frameworks;
			sourceTree = "<group>";
		};
/* End PBXGroup section */

/* Begin PBXNativeTarget section */
		CA5C90662C94BF6F00CA0F02 /* IntegrationTests */ = {
			isa = PBXNativeTarget;
			buildConfigurationList = CA5C906F2C94BF6F00CA0F02 /* Build configuration list for PBXNativeTarget "IntegrationTests" */;
			buildPhases = (
				CA5C90632C94BF6F00CA0F02 /* Sources */,
				CA5C90642C94BF6F00CA0F02 /* Frameworks */,
				CA5C90652C94BF6F00CA0F02 /* Resources */,
			);
			buildRules = (
			);
			dependencies = (
				CA5C906C2C94BF6F00CA0F02 /* PBXTargetDependency */,
			);
			name = IntegrationTests;
			productName = IntegrationTests;
			productReference = CA5C90672C94BF6F00CA0F02 /* IntegrationTests.xctest */;
			productType = "com.apple.product-type.bundle.unit-test";
		};
		CAF21DCB29B66D7500368A47 /* Integration */ = {
			isa = PBXNativeTarget;
			buildConfigurationList = CAF21DF029B66D7700368A47 /* Build configuration list for PBXNativeTarget "Integration" */;
			buildPhases = (
				CAF21DC829B66D7500368A47 /* Sources */,
				CAF21DC929B66D7500368A47 /* Frameworks */,
				CAF21DCA29B66D7500368A47 /* Resources */,
			);
			buildRules = (
			);
			dependencies = (
			);
			name = Integration;
			packageProductDependencies = (
				CAF21DFB29B66DAB00368A47 /* Dependencies */,
			);
			productName = Integration;
			productReference = CAF21DCC29B66D7500368A47 /* Integration.app */;
			productType = "com.apple.product-type.application";
		};
		CAF21DE529B66D7700368A47 /* IntegrationUITests */ = {
			isa = PBXNativeTarget;
			buildConfigurationList = CAF21DF629B66D7700368A47 /* Build configuration list for PBXNativeTarget "IntegrationUITests" */;
			buildPhases = (
				CAF21DE229B66D7700368A47 /* Sources */,
				CAF21DE329B66D7700368A47 /* Frameworks */,
				CAF21DE429B66D7700368A47 /* Resources */,
			);
			buildRules = (
			);
			dependencies = (
				CAF21DE829B66D7700368A47 /* PBXTargetDependency */,
			);
			name = IntegrationUITests;
			productName = IntegrationUITests;
			productReference = CAF21DE629B66D7700368A47 /* IntegrationUITests.xctest */;
			productType = "com.apple.product-type.bundle.ui-testing";
		};
/* End PBXNativeTarget section */

/* Begin PBXProject section */
		CAF21DC429B66D7500368A47 /* Project object */ = {
			isa = PBXProject;
			attributes = {
				BuildIndependentTargetsInParallel = 1;
				LastSwiftUpdateCheck = 1540;
				LastUpgradeCheck = 1600;
				TargetAttributes = {
					CA5C90662C94BF6F00CA0F02 = {
						CreatedOnToolsVersion = 15.4;
						TestTargetID = CAF21DCB29B66D7500368A47;
					};
					CAF21DCB29B66D7500368A47 = {
						CreatedOnToolsVersion = 14.3;
					};
					CAF21DE529B66D7700368A47 = {
						CreatedOnToolsVersion = 14.3;
						TestTargetID = CAF21DCB29B66D7500368A47;
					};
				};
			};
			buildConfigurationList = CAF21DC729B66D7500368A47 /* Build configuration list for PBXProject "Integration" */;
			compatibilityVersion = "Xcode 14.0";
			developmentRegion = en;
			hasScannedForEncodings = 0;
			knownRegions = (
				en,
				Base,
			);
			mainGroup = CAF21DC329B66D7500368A47;
			productRefGroup = CAF21DCD29B66D7500368A47 /* Products */;
			projectDirPath = "";
			projectRoot = "";
			targets = (
				CAF21DCB29B66D7500368A47 /* Integration */,
				CA5C90662C94BF6F00CA0F02 /* IntegrationTests */,
				CAF21DE529B66D7700368A47 /* IntegrationUITests */,
			);
		};
/* End PBXProject section */

/* Begin PBXResourcesBuildPhase section */
		CA5C90652C94BF6F00CA0F02 /* Resources */ = {
			isa = PBXResourcesBuildPhase;
			buildActionMask = 2147483647;
			files = (
			);
			runOnlyForDeploymentPostprocessing = 0;
		};
		CAF21DCA29B66D7500368A47 /* Resources */ = {
			isa = PBXResourcesBuildPhase;
			buildActionMask = 2147483647;
			files = (
				CAF21DD729B66D7600368A47 /* Preview Assets.xcassets in Resources */,
				CAF21DD429B66D7600368A47 /* Assets.xcassets in Resources */,
			);
			runOnlyForDeploymentPostprocessing = 0;
		};
		CAF21DE429B66D7700368A47 /* Resources */ = {
			isa = PBXResourcesBuildPhase;
			buildActionMask = 2147483647;
			files = (
			);
			runOnlyForDeploymentPostprocessing = 0;
		};
/* End PBXResourcesBuildPhase section */

/* Begin PBXSourcesBuildPhase section */
		CA5C90632C94BF6F00CA0F02 /* Sources */ = {
			isa = PBXSourcesBuildPhase;
			buildActionMask = 2147483647;
			files = (
				CA5C906A2C94BF6F00CA0F02 /* DependencyTraitsTests.swift in Sources */,
			);
			runOnlyForDeploymentPostprocessing = 0;
		};
		CAF21DC829B66D7500368A47 /* Sources */ = {
			isa = PBXSourcesBuildPhase;
			buildActionMask = 2147483647;
			files = (
				CAF21DD029B66D7500368A47 /* IntegrationApp.swift in Sources */,
			);
			runOnlyForDeploymentPostprocessing = 0;
		};
		CAF21DE229B66D7700368A47 /* Sources */ = {
			isa = PBXSourcesBuildPhase;
			buildActionMask = 2147483647;
			files = (
				CAF21DEB29B66D7700368A47 /* IntegrationUITests.swift in Sources */,
			);
			runOnlyForDeploymentPostprocessing = 0;
		};
/* End PBXSourcesBuildPhase section */

/* Begin PBXTargetDependency section */
		CA5C906C2C94BF6F00CA0F02 /* PBXTargetDependency */ = {
			isa = PBXTargetDependency;
			target = CAF21DCB29B66D7500368A47 /* Integration */;
			targetProxy = CA5C906B2C94BF6F00CA0F02 /* PBXContainerItemProxy */;
		};
		CAF21DE829B66D7700368A47 /* PBXTargetDependency */ = {
			isa = PBXTargetDependency;
			target = CAF21DCB29B66D7500368A47 /* Integration */;
			targetProxy = CAF21DE729B66D7700368A47 /* PBXContainerItemProxy */;
		};
/* End PBXTargetDependency section */

/* Begin XCBuildConfiguration section */
		CA5C906D2C94BF6F00CA0F02 /* Debug */ = {
			isa = XCBuildConfiguration;
			buildSettings = {
				ASSETCATALOG_COMPILER_GENERATE_SWIFT_ASSET_SYMBOL_EXTENSIONS = YES;
				BUNDLE_LOADER = "$(TEST_HOST)";
				CODE_SIGN_STYLE = Automatic;
				CURRENT_PROJECT_VERSION = 1;
				DEVELOPMENT_TEAM = VFRXY8HC3H;
				ENABLE_USER_SCRIPT_SANDBOXING = YES;
				GCC_C_LANGUAGE_STANDARD = gnu17;
				GENERATE_INFOPLIST_FILE = YES;
				LOCALIZATION_PREFERS_STRING_CATALOGS = YES;
				MARKETING_VERSION = 1.0;
				PRODUCT_BUNDLE_IDENTIFIER = co.pointfree.IntegrationTests;
				PRODUCT_NAME = "$(TARGET_NAME)";
				SWIFT_ACTIVE_COMPILATION_CONDITIONS = "DEBUG $(inherited)";
				SWIFT_EMIT_LOC_STRINGS = NO;
				SWIFT_VERSION = 5.0;
				TARGETED_DEVICE_FAMILY = "1,2";
				TEST_HOST = "$(BUILT_PRODUCTS_DIR)/Integration.app/$(BUNDLE_EXECUTABLE_FOLDER_PATH)/Integration";
			};
			name = Debug;
		};
		CA5C906E2C94BF6F00CA0F02 /* Release */ = {
			isa = XCBuildConfiguration;
			buildSettings = {
				ASSETCATALOG_COMPILER_GENERATE_SWIFT_ASSET_SYMBOL_EXTENSIONS = YES;
				BUNDLE_LOADER = "$(TEST_HOST)";
				CODE_SIGN_STYLE = Automatic;
				CURRENT_PROJECT_VERSION = 1;
				DEVELOPMENT_TEAM = VFRXY8HC3H;
				ENABLE_USER_SCRIPT_SANDBOXING = YES;
				GCC_C_LANGUAGE_STANDARD = gnu17;
				GENERATE_INFOPLIST_FILE = YES;
				LOCALIZATION_PREFERS_STRING_CATALOGS = YES;
				MARKETING_VERSION = 1.0;
				PRODUCT_BUNDLE_IDENTIFIER = co.pointfree.IntegrationTests;
				PRODUCT_NAME = "$(TARGET_NAME)";
				SWIFT_EMIT_LOC_STRINGS = NO;
				SWIFT_VERSION = 5.0;
				TARGETED_DEVICE_FAMILY = "1,2";
				TEST_HOST = "$(BUILT_PRODUCTS_DIR)/Integration.app/$(BUNDLE_EXECUTABLE_FOLDER_PATH)/Integration";
			};
			name = Release;
		};
		CAF21DEE29B66D7700368A47 /* Debug */ = {
			isa = XCBuildConfiguration;
			buildSettings = {
				ALWAYS_SEARCH_USER_PATHS = NO;
				ASSETCATALOG_COMPILER_GENERATE_SWIFT_ASSET_SYMBOL_EXTENSIONS = YES;
				CLANG_ANALYZER_NONNULL = YES;
				CLANG_ANALYZER_NUMBER_OBJECT_CONVERSION = YES_AGGRESSIVE;
				CLANG_CXX_LANGUAGE_STANDARD = "gnu++20";
				CLANG_ENABLE_MODULES = YES;
				CLANG_ENABLE_OBJC_ARC = YES;
				CLANG_ENABLE_OBJC_WEAK = YES;
				CLANG_WARN_BLOCK_CAPTURE_AUTORELEASING = YES;
				CLANG_WARN_BOOL_CONVERSION = YES;
				CLANG_WARN_COMMA = YES;
				CLANG_WARN_CONSTANT_CONVERSION = YES;
				CLANG_WARN_DEPRECATED_OBJC_IMPLEMENTATIONS = YES;
				CLANG_WARN_DIRECT_OBJC_ISA_USAGE = YES_ERROR;
				CLANG_WARN_DOCUMENTATION_COMMENTS = YES;
				CLANG_WARN_EMPTY_BODY = YES;
				CLANG_WARN_ENUM_CONVERSION = YES;
				CLANG_WARN_INFINITE_RECURSION = YES;
				CLANG_WARN_INT_CONVERSION = YES;
				CLANG_WARN_NON_LITERAL_NULL_CONVERSION = YES;
				CLANG_WARN_OBJC_IMPLICIT_RETAIN_SELF = YES;
				CLANG_WARN_OBJC_LITERAL_CONVERSION = YES;
				CLANG_WARN_OBJC_ROOT_CLASS = YES_ERROR;
				CLANG_WARN_QUOTED_INCLUDE_IN_FRAMEWORK_HEADER = YES;
				CLANG_WARN_RANGE_LOOP_ANALYSIS = YES;
				CLANG_WARN_STRICT_PROTOTYPES = YES;
				CLANG_WARN_SUSPICIOUS_MOVE = YES;
				CLANG_WARN_UNGUARDED_AVAILABILITY = YES_AGGRESSIVE;
				CLANG_WARN_UNREACHABLE_CODE = YES;
				CLANG_WARN__DUPLICATE_METHOD_MATCH = YES;
				COPY_PHASE_STRIP = NO;
				DEBUG_INFORMATION_FORMAT = dwarf;
				ENABLE_STRICT_OBJC_MSGSEND = YES;
				ENABLE_TESTABILITY = YES;
				GCC_C_LANGUAGE_STANDARD = gnu11;
				GCC_DYNAMIC_NO_PIC = NO;
				GCC_NO_COMMON_BLOCKS = YES;
				GCC_OPTIMIZATION_LEVEL = 0;
				GCC_PREPROCESSOR_DEFINITIONS = (
					"DEBUG=1",
					"$(inherited)",
				);
				GCC_WARN_64_TO_32_BIT_CONVERSION = YES;
				GCC_WARN_ABOUT_RETURN_TYPE = YES_ERROR;
				GCC_WARN_UNDECLARED_SELECTOR = YES;
				GCC_WARN_UNINITIALIZED_AUTOS = YES_AGGRESSIVE;
				GCC_WARN_UNUSED_FUNCTION = YES;
				GCC_WARN_UNUSED_VARIABLE = YES;
				MTL_ENABLE_DEBUG_INFO = INCLUDE_SOURCE;
				MTL_FAST_MATH = YES;
				ONLY_ACTIVE_ARCH = YES;
				SDKROOT = iphoneos;
				SWIFT_ACTIVE_COMPILATION_CONDITIONS = DEBUG;
				SWIFT_OPTIMIZATION_LEVEL = "-Onone";
			};
			name = Debug;
		};
		CAF21DEF29B66D7700368A47 /* Release */ = {
			isa = XCBuildConfiguration;
			buildSettings = {
				ALWAYS_SEARCH_USER_PATHS = NO;
				ASSETCATALOG_COMPILER_GENERATE_SWIFT_ASSET_SYMBOL_EXTENSIONS = YES;
				CLANG_ANALYZER_NONNULL = YES;
				CLANG_ANALYZER_NUMBER_OBJECT_CONVERSION = YES_AGGRESSIVE;
				CLANG_CXX_LANGUAGE_STANDARD = "gnu++20";
				CLANG_ENABLE_MODULES = YES;
				CLANG_ENABLE_OBJC_ARC = YES;
				CLANG_ENABLE_OBJC_WEAK = YES;
				CLANG_WARN_BLOCK_CAPTURE_AUTORELEASING = YES;
				CLANG_WARN_BOOL_CONVERSION = YES;
				CLANG_WARN_COMMA = YES;
				CLANG_WARN_CONSTANT_CONVERSION = YES;
				CLANG_WARN_DEPRECATED_OBJC_IMPLEMENTATIONS = YES;
				CLANG_WARN_DIRECT_OBJC_ISA_USAGE = YES_ERROR;
				CLANG_WARN_DOCUMENTATION_COMMENTS = YES;
				CLANG_WARN_EMPTY_BODY = YES;
				CLANG_WARN_ENUM_CONVERSION = YES;
				CLANG_WARN_INFINITE_RECURSION = YES;
				CLANG_WARN_INT_CONVERSION = YES;
				CLANG_WARN_NON_LITERAL_NULL_CONVERSION = YES;
				CLANG_WARN_OBJC_IMPLICIT_RETAIN_SELF = YES;
				CLANG_WARN_OBJC_LITERAL_CONVERSION = YES;
				CLANG_WARN_OBJC_ROOT_CLASS = YES_ERROR;
				CLANG_WARN_QUOTED_INCLUDE_IN_FRAMEWORK_HEADER = YES;
				CLANG_WARN_RANGE_LOOP_ANALYSIS = YES;
				CLANG_WARN_STRICT_PROTOTYPES = YES;
				CLANG_WARN_SUSPICIOUS_MOVE = YES;
				CLANG_WARN_UNGUARDED_AVAILABILITY = YES_AGGRESSIVE;
				CLANG_WARN_UNREACHABLE_CODE = YES;
				CLANG_WARN__DUPLICATE_METHOD_MATCH = YES;
				COPY_PHASE_STRIP = NO;
				DEBUG_INFORMATION_FORMAT = "dwarf-with-dsym";
				ENABLE_NS_ASSERTIONS = NO;
				ENABLE_STRICT_OBJC_MSGSEND = YES;
				GCC_C_LANGUAGE_STANDARD = gnu11;
				GCC_NO_COMMON_BLOCKS = YES;
				GCC_WARN_64_TO_32_BIT_CONVERSION = YES;
				GCC_WARN_ABOUT_RETURN_TYPE = YES_ERROR;
				GCC_WARN_UNDECLARED_SELECTOR = YES;
				GCC_WARN_UNINITIALIZED_AUTOS = YES_AGGRESSIVE;
				GCC_WARN_UNUSED_FUNCTION = YES;
				GCC_WARN_UNUSED_VARIABLE = YES;
				MTL_ENABLE_DEBUG_INFO = NO;
				MTL_FAST_MATH = YES;
				SDKROOT = iphoneos;
				SWIFT_COMPILATION_MODE = wholemodule;
				SWIFT_OPTIMIZATION_LEVEL = "-O";
				VALIDATE_PRODUCT = YES;
			};
			name = Release;
		};
		CAF21DF129B66D7700368A47 /* Debug */ = {
			isa = XCBuildConfiguration;
			buildSettings = {
				ASSETCATALOG_COMPILER_APPICON_NAME = AppIcon;
				ASSETCATALOG_COMPILER_GLOBAL_ACCENT_COLOR_NAME = AccentColor;
				CODE_SIGN_STYLE = Automatic;
				CURRENT_PROJECT_VERSION = 1;
				DEVELOPMENT_ASSET_PATHS = "\"Integration/Preview Content\"";
				ENABLE_PREVIEWS = YES;
				GENERATE_INFOPLIST_FILE = YES;
				INFOPLIST_KEY_UIApplicationSceneManifest_Generation = YES;
				INFOPLIST_KEY_UIApplicationSupportsIndirectInputEvents = YES;
				INFOPLIST_KEY_UILaunchScreen_Generation = YES;
				INFOPLIST_KEY_UISupportedInterfaceOrientations_iPad = "UIInterfaceOrientationPortrait UIInterfaceOrientationPortraitUpsideDown UIInterfaceOrientationLandscapeLeft UIInterfaceOrientationLandscapeRight";
				INFOPLIST_KEY_UISupportedInterfaceOrientations_iPhone = "UIInterfaceOrientationPortrait UIInterfaceOrientationLandscapeLeft UIInterfaceOrientationLandscapeRight";
				LD_RUNPATH_SEARCH_PATHS = (
					"$(inherited)",
					"@executable_path/Frameworks",
				);
				MARKETING_VERSION = 1.0;
				PRODUCT_BUNDLE_IDENTIFIER = co.pointfree.Integration;
				PRODUCT_NAME = "$(TARGET_NAME)";
				SWIFT_EMIT_LOC_STRINGS = YES;
				SWIFT_VERSION = 5.0;
				TARGETED_DEVICE_FAMILY = "1,2";
			};
			name = Debug;
		};
		CAF21DF229B66D7700368A47 /* Release */ = {
			isa = XCBuildConfiguration;
			buildSettings = {
				ASSETCATALOG_COMPILER_APPICON_NAME = AppIcon;
				ASSETCATALOG_COMPILER_GLOBAL_ACCENT_COLOR_NAME = AccentColor;
				CODE_SIGN_STYLE = Automatic;
				CURRENT_PROJECT_VERSION = 1;
				DEVELOPMENT_ASSET_PATHS = "\"Integration/Preview Content\"";
				ENABLE_PREVIEWS = YES;
				GENERATE_INFOPLIST_FILE = YES;
				INFOPLIST_KEY_UIApplicationSceneManifest_Generation = YES;
				INFOPLIST_KEY_UIApplicationSupportsIndirectInputEvents = YES;
				INFOPLIST_KEY_UILaunchScreen_Generation = YES;
				INFOPLIST_KEY_UISupportedInterfaceOrientations_iPad = "UIInterfaceOrientationPortrait UIInterfaceOrientationPortraitUpsideDown UIInterfaceOrientationLandscapeLeft UIInterfaceOrientationLandscapeRight";
				INFOPLIST_KEY_UISupportedInterfaceOrientations_iPhone = "UIInterfaceOrientationPortrait UIInterfaceOrientationLandscapeLeft UIInterfaceOrientationLandscapeRight";
				LD_RUNPATH_SEARCH_PATHS = (
					"$(inherited)",
					"@executable_path/Frameworks",
				);
				MARKETING_VERSION = 1.0;
				PRODUCT_BUNDLE_IDENTIFIER = co.pointfree.Integration;
				PRODUCT_NAME = "$(TARGET_NAME)";
				SWIFT_EMIT_LOC_STRINGS = YES;
				SWIFT_VERSION = 5.0;
				TARGETED_DEVICE_FAMILY = "1,2";
			};
			name = Release;
		};
		CAF21DF729B66D7700368A47 /* Debug */ = {
			isa = XCBuildConfiguration;
			buildSettings = {
				CODE_SIGN_STYLE = Automatic;
				CURRENT_PROJECT_VERSION = 1;
				GENERATE_INFOPLIST_FILE = YES;
				MARKETING_VERSION = 1.0;
				PRODUCT_BUNDLE_IDENTIFIER = co.pointfree.IntegrationUITests;
				PRODUCT_NAME = "$(TARGET_NAME)";
				SWIFT_EMIT_LOC_STRINGS = NO;
				SWIFT_VERSION = 5.0;
				TARGETED_DEVICE_FAMILY = "1,2";
				TEST_TARGET_NAME = Integration;
			};
			name = Debug;
		};
		CAF21DF829B66D7700368A47 /* Release */ = {
			isa = XCBuildConfiguration;
			buildSettings = {
				CODE_SIGN_STYLE = Automatic;
				CURRENT_PROJECT_VERSION = 1;
				GENERATE_INFOPLIST_FILE = YES;
				MARKETING_VERSION = 1.0;
				PRODUCT_BUNDLE_IDENTIFIER = co.pointfree.IntegrationUITests;
				PRODUCT_NAME = "$(TARGET_NAME)";
				SWIFT_EMIT_LOC_STRINGS = NO;
				SWIFT_VERSION = 5.0;
				TARGETED_DEVICE_FAMILY = "1,2";
				TEST_TARGET_NAME = Integration;
			};
			name = Release;
		};
/* End XCBuildConfiguration section */

/* Begin XCConfigurationList section */
		CA5C906F2C94BF6F00CA0F02 /* Build configuration list for PBXNativeTarget "IntegrationTests" */ = {
			isa = XCConfigurationList;
			buildConfigurations = (
				CA5C906D2C94BF6F00CA0F02 /* Debug */,
				CA5C906E2C94BF6F00CA0F02 /* Release */,
			);
			defaultConfigurationIsVisible = 0;
			defaultConfigurationName = Release;
		};
		CAF21DC729B66D7500368A47 /* Build configuration list for PBXProject "Integration" */ = {
			isa = XCConfigurationList;
			buildConfigurations = (
				CAF21DEE29B66D7700368A47 /* Debug */,
				CAF21DEF29B66D7700368A47 /* Release */,
			);
			defaultConfigurationIsVisible = 0;
			defaultConfigurationName = Release;
		};
		CAF21DF029B66D7700368A47 /* Build configuration list for PBXNativeTarget "Integration" */ = {
			isa = XCConfigurationList;
			buildConfigurations = (
				CAF21DF129B66D7700368A47 /* Debug */,
				CAF21DF229B66D7700368A47 /* Release */,
			);
			defaultConfigurationIsVisible = 0;
			defaultConfigurationName = Release;
		};
		CAF21DF629B66D7700368A47 /* Build configuration list for PBXNativeTarget "IntegrationUITests" */ = {
			isa = XCConfigurationList;
			buildConfigurations = (
				CAF21DF729B66D7700368A47 /* Debug */,
				CAF21DF829B66D7700368A47 /* Release */,
			);
			defaultConfigurationIsVisible = 0;
			defaultConfigurationName = Release;
		};
/* End XCConfigurationList section */

/* Begin XCSwiftPackageProductDependency section */
		CA64A10A2C94C1D7002A8AC4 /* DependenciesTestSupport */ = {
			isa = XCSwiftPackageProductDependency;
			productName = DependenciesTestSupport;
		};
		CAF21DFB29B66DAB00368A47 /* Dependencies */ = {
			isa = XCSwiftPackageProductDependency;
			productName = Dependencies;
		};
/* End XCSwiftPackageProductDependency section */
	};
	rootObject = CAF21DC429B66D7500368A47 /* Project object */;
}
